
Microsoft Visual Studio Solution File, Format Version 12.00
# Visual Studio Version 17
VisualStudioVersion = 17.5.002.0
MinimumVisualStudioVersion = 10.0.40219.1
Project("{2150E333-8FDC-42A3-9474-1A3956D46DE8}") = "csharp-prep", "csharp-prep", "{9E4C15F0-13F9-4626-AC92-E1BE753CD1F8}"
EndProject
Project("{9A19103F-16F7-4668-BE54-9A1E7A4F7556}") = "Prep1", "csharp-prep\Prep1\Prep1.csproj", "{383E163A-9790-496B-9307-DF69130B2E1C}"
EndProject
Project("{9A19103F-16F7-4668-BE54-9A1E7A4F7556}") = "Prep2", "csharp-prep\Prep2\Prep2.csproj", "{30F41E98-9F55-4982-9622-1EF566EC219A}"
EndProject
Project("{9A19103F-16F7-4668-BE54-9A1E7A4F7556}") = "Prep3", "csharp-prep\Prep3\Prep3.csproj", "{CC0A0980-4559-4CB0-A6BD-84C678069E0D}"
EndProject
Project("{9A19103F-16F7-4668-BE54-9A1E7A4F7556}") = "Prep4", "csharp-prep\Prep4\Prep4.csproj", "{D75C93E4-CF33-42E8-ABB6-8937375931EE}"
EndProject
Project("{9A19103F-16F7-4668-BE54-9A1E7A4F7556}") = "Prep5", "csharp-prep\Prep5\Prep5.csproj", "{48BBCAA1-7EE5-4304-826B-31B9EDCCDF0A}"
EndProject
Project("{2150E333-8FDC-42A3-9474-1A3956D46DE8}") = "final", "final", "{A7A75F27-3696-488E-8339-52690633D70F}"
EndProject
Project("{9A19103F-16F7-4668-BE54-9A1E7A4F7556}") = "FinalProject", "final\FinalProject\FinalProject.csproj", "{11FD3892-1B8E-4403-9FA3-E8B01B41FA52}"
EndProject
Project("{9A19103F-16F7-4668-BE54-9A1E7A4F7556}") = "Foundation1", "final\Foundation1\Foundation1.csproj", "{FAA7CE43-331F-4A1D-B216-0D404E5456A0}"
EndProject
Project("{9A19103F-16F7-4668-BE54-9A1E7A4F7556}") = "Foundation2", "final\Foundation2\Foundation2.csproj", "{6310E920-57F0-4ED8-81FB-29073AC5D712}"
EndProject
Project("{9A19103F-16F7-4668-BE54-9A1E7A4F7556}") = "Foundation3", "final\Foundation3\Foundation3.csproj", "{5B703D5B-E6E0-4168-A9C1-59B952DFD757}"
EndProject
Project("{9A19103F-16F7-4668-BE54-9A1E7A4F7556}") = "Foundation4", "final\Foundation4\Foundation4.csproj", "{E46F1DB4-76B8-4B26-920D-27626CAC8BB5}"
EndProject
Project("{2150E333-8FDC-42A3-9474-1A3956D46DE8}") = "prepare", "prepare", "{A57013EA-99A9-4F9A-8B8E-7410BAA743D4}"
EndProject
Project("{9A19103F-16F7-4668-BE54-9A1E7A4F7556}") = "Learning02", "prepare\Learning02\Learning02.csproj", "{9CCA7B77-E63F-458E-A4D1-AF06C821FBD6}"
EndProject
Project("{9A19103F-16F7-4668-BE54-9A1E7A4F7556}") = "Learning03", "prepare\Learning03\Learning03.csproj", "{A5D20A09-5A6B-42CA-BF4A-7B3012AC5427}"
EndProject
Project("{9A19103F-16F7-4668-BE54-9A1E7A4F7556}") = "Learning04", "prepare\Learning04\Learning04.csproj", "{8B651CDE-FC0E-4886-9B27-5EC4F41AAC6B}"
EndProject
Project("{9A19103F-16F7-4668-BE54-9A1E7A4F7556}") = "Learning05", "prepare\Learning05\Learning05.csproj", "{0F5D3136-46E1-455B-8EBB-F67791774377}"
EndProject
Project("{2150E333-8FDC-42A3-9474-1A3956D46DE8}") = "prove", "prove", "{E3605453-9CDD-4053-818C-1728B594BFB2}"
EndProject
Project("{9A19103F-16F7-4668-BE54-9A1E7A4F7556}") = "Develop02", "prove\Develop02\Develop02.csproj", "{8235C8BA-3FAA-4510-A28A-7834EB1A4D65}"
EndProject
Project("{9A19103F-16F7-4668-BE54-9A1E7A4F7556}") = "Develop03", "prove\Develop03\Develop03.csproj", "{4C493238-4ED9-4E2C-B290-4EB2B9BF7759}"
EndProject
Project("{9A19103F-16F7-4668-BE54-9A1E7A4F7556}") = "Develop04", "prove\Develop04\Develop04.csproj", "{AF0EDB57-56D5-47C7-99B3-03F3C1F41440}"
EndProject
Project("{9A19103F-16F7-4668-BE54-9A1E7A4F7556}") = "Develop05", "prove\Develop05\Develop05.csproj", "{1548D6BC-600D-495E-A224-5172F53F96B6}"
EndProject
Project("{2150E333-8FDC-42A3-9474-1A3956D46DE8}") = "sandbox", "sandbox", "{95B92C17-7E1C-4E2F-B3D5-2B6A9C621C1B}"
EndProject
Project("{9A19103F-16F7-4668-BE54-9A1E7A4F7556}") = "Sandbox", "sandbox\Sandbox\Sandbox.csproj", "{1AA9A248-53A0-4F2F-A719-5B7D86955CC2}"
EndProject
Global
	GlobalSection(SolutionConfigurationPlatforms) = preSolution
		Debug|Any CPU = Debug|Any CPU
		Release|Any CPU = Release|Any CPU
	EndGlobalSection
	GlobalSection(ProjectConfigurationPlatforms) = postSolution
		{383E163A-9790-496B-9307-DF69130B2E1C}.Debug|Any CPU.ActiveCfg = Debug|Any CPU
		{383E163A-9790-496B-9307-DF69130B2E1C}.Debug|Any CPU.Build.0 = Debug|Any CPU
		{383E163A-9790-496B-9307-DF69130B2E1C}.Release|Any CPU.ActiveCfg = Release|Any CPU
		{383E163A-9790-496B-9307-DF69130B2E1C}.Release|Any CPU.Build.0 = Release|Any CPU
		{30F41E98-9F55-4982-9622-1EF566EC219A}.Debug|Any CPU.ActiveCfg = Debug|Any CPU
		{30F41E98-9F55-4982-9622-1EF566EC219A}.Debug|Any CPU.Build.0 = Debug|Any CPU
		{30F41E98-9F55-4982-9622-1EF566EC219A}.Release|Any CPU.ActiveCfg = Release|Any CPU
		{30F41E98-9F55-4982-9622-1EF566EC219A}.Release|Any CPU.Build.0 = Release|Any CPU
		{CC0A0980-4559-4CB0-A6BD-84C678069E0D}.Debug|Any CPU.ActiveCfg = Debug|Any CPU
		{CC0A0980-4559-4CB0-A6BD-84C678069E0D}.Debug|Any CPU.Build.0 = Debug|Any CPU
		{CC0A0980-4559-4CB0-A6BD-84C678069E0D}.Release|Any CPU.ActiveCfg = Release|Any CPU
		{CC0A0980-4559-4CB0-A6BD-84C678069E0D}.Release|Any CPU.Build.0 = Release|Any CPU
		{D75C93E4-CF33-42E8-ABB6-8937375931EE}.Debug|Any CPU.ActiveCfg = Debug|Any CPU
		{D75C93E4-CF33-42E8-ABB6-8937375931EE}.Debug|Any CPU.Build.0 = Debug|Any CPU
		{D75C93E4-CF33-42E8-ABB6-8937375931EE}.Release|Any CPU.ActiveCfg = Release|Any CPU
		{D75C93E4-CF33-42E8-ABB6-8937375931EE}.Release|Any CPU.Build.0 = Release|Any CPU
		{48BBCAA1-7EE5-4304-826B-31B9EDCCDF0A}.Debug|Any CPU.ActiveCfg = Debug|Any CPU
		{48BBCAA1-7EE5-4304-826B-31B9EDCCDF0A}.Debug|Any CPU.Build.0 = Debug|Any CPU
		{48BBCAA1-7EE5-4304-826B-31B9EDCCDF0A}.Release|Any CPU.ActiveCfg = Release|Any CPU
		{48BBCAA1-7EE5-4304-826B-31B9EDCCDF0A}.Release|Any CPU.Build.0 = Release|Any CPU
		{11FD3892-1B8E-4403-9FA3-E8B01B41FA52}.Debug|Any CPU.ActiveCfg = Debug|Any CPU
		{11FD3892-1B8E-4403-9FA3-E8B01B41FA52}.Debug|Any CPU.Build.0 = Debug|Any CPU
		{11FD3892-1B8E-4403-9FA3-E8B01B41FA52}.Release|Any CPU.ActiveCfg = Release|Any CPU
		{11FD3892-1B8E-4403-9FA3-E8B01B41FA52}.Release|Any CPU.Build.0 = Release|Any CPU
		{FAA7CE43-331F-4A1D-B216-0D404E5456A0}.Debug|Any CPU.ActiveCfg = Debug|Any CPU
		{FAA7CE43-331F-4A1D-B216-0D404E5456A0}.Debug|Any CPU.Build.0 = Debug|Any CPU
		{FAA7CE43-331F-4A1D-B216-0D404E5456A0}.Release|Any CPU.ActiveCfg = Release|Any CPU
		{FAA7CE43-331F-4A1D-B216-0D404E5456A0}.Release|Any CPU.Build.0 = Release|Any CPU
		{6310E920-57F0-4ED8-81FB-29073AC5D712}.Debug|Any CPU.ActiveCfg = Debug|Any CPU
		{6310E920-57F0-4ED8-81FB-29073AC5D712}.Debug|Any CPU.Build.0 = Debug|Any CPU
		{6310E920-57F0-4ED8-81FB-29073AC5D712}.Release|Any CPU.ActiveCfg = Release|Any CPU
		{6310E920-57F0-4ED8-81FB-29073AC5D712}.Release|Any CPU.Build.0 = Release|Any CPU
		{5B703D5B-E6E0-4168-A9C1-59B952DFD757}.Debug|Any CPU.ActiveCfg = Debug|Any CPU
		{5B703D5B-E6E0-4168-A9C1-59B952DFD757}.Debug|Any CPU.Build.0 = Debug|Any CPU
		{5B703D5B-E6E0-4168-A9C1-59B952DFD757}.Release|Any CPU.ActiveCfg = Release|Any CPU
		{5B703D5B-E6E0-4168-A9C1-59B952DFD757}.Release|Any CPU.Build.0 = Release|Any CPU
		{E46F1DB4-76B8-4B26-920D-27626CAC8BB5}.Debug|Any CPU.ActiveCfg = Debug|Any CPU
		{E46F1DB4-76B8-4B26-920D-27626CAC8BB5}.Debug|Any CPU.Build.0 = Debug|Any CPU
		{E46F1DB4-76B8-4B26-920D-27626CAC8BB5}.Release|Any CPU.ActiveCfg = Release|Any CPU
		{E46F1DB4-76B8-4B26-920D-27626CAC8BB5}.Release|Any CPU.Build.0 = Release|Any CPU
		{9CCA7B77-E63F-458E-A4D1-AF06C821FBD6}.Debug|Any CPU.ActiveCfg = Debug|Any CPU
		{9CCA7B77-E63F-458E-A4D1-AF06C821FBD6}.Debug|Any CPU.Build.0 = Debug|Any CPU
		{9CCA7B77-E63F-458E-A4D1-AF06C821FBD6}.Release|Any CPU.ActiveCfg = Release|Any CPU
		{9CCA7B77-E63F-458E-A4D1-AF06C821FBD6}.Release|Any CPU.Build.0 = Release|Any CPU
		{A5D20A09-5A6B-42CA-BF4A-7B3012AC5427}.Debug|Any CPU.ActiveCfg = Debug|Any CPU
		{A5D20A09-5A6B-42CA-BF4A-7B3012AC5427}.Debug|Any CPU.Build.0 = Debug|Any CPU
		{A5D20A09-5A6B-42CA-BF4A-7B3012AC5427}.Release|Any CPU.ActiveCfg = Release|Any CPU
		{A5D20A09-5A6B-42CA-BF4A-7B3012AC5427}.Release|Any CPU.Build.0 = Release|Any CPU
		{8B651CDE-FC0E-4886-9B27-5EC4F41AAC6B}.Debug|Any CPU.ActiveCfg = Debug|Any CPU
		{8B651CDE-FC0E-4886-9B27-5EC4F41AAC6B}.Debug|Any CPU.Build.0 = Debug|Any CPU
		{8B651CDE-FC0E-4886-9B27-5EC4F41AAC6B}.Release|Any CPU.ActiveCfg = Release|Any CPU
		{8B651CDE-FC0E-4886-9B27-5EC4F41AAC6B}.Release|Any CPU.Build.0 = Release|Any CPU
		{0F5D3136-46E1-455B-8EBB-F67791774377}.Debug|Any CPU.ActiveCfg = Debug|Any CPU
		{0F5D3136-46E1-455B-8EBB-F67791774377}.Debug|Any CPU.Build.0 = Debug|Any CPU
		{0F5D3136-46E1-455B-8EBB-F67791774377}.Release|Any CPU.ActiveCfg = Release|Any CPU
		{0F5D3136-46E1-455B-8EBB-F67791774377}.Release|Any CPU.Build.0 = Release|Any CPU
		{8235C8BA-3FAA-4510-A28A-7834EB1A4D65}.Debug|Any CPU.ActiveCfg = Debug|Any CPU
		{8235C8BA-3FAA-4510-A28A-7834EB1A4D65}.Debug|Any CPU.Build.0 = Debug|Any CPU
		{8235C8BA-3FAA-4510-A28A-7834EB1A4D65}.Release|Any CPU.ActiveCfg = Release|Any CPU
		{8235C8BA-3FAA-4510-A28A-7834EB1A4D65}.Release|Any CPU.Build.0 = Release|Any CPU
		{4C493238-4ED9-4E2C-B290-4EB2B9BF7759}.Debug|Any CPU.ActiveCfg = Debug|Any CPU
		{4C493238-4ED9-4E2C-B290-4EB2B9BF7759}.Debug|Any CPU.Build.0 = Debug|Any CPU
		{4C493238-4ED9-4E2C-B290-4EB2B9BF7759}.Release|Any CPU.ActiveCfg = Release|Any CPU
		{4C493238-4ED9-4E2C-B290-4EB2B9BF7759}.Release|Any CPU.Build.0 = Release|Any CPU
		{AF0EDB57-56D5-47C7-99B3-03F3C1F41440}.Debug|Any CPU.ActiveCfg = Debug|Any CPU
		{AF0EDB57-56D5-47C7-99B3-03F3C1F41440}.Debug|Any CPU.Build.0 = Debug|Any CPU
		{AF0EDB57-56D5-47C7-99B3-03F3C1F41440}.Release|Any CPU.ActiveCfg = Release|Any CPU
		{AF0EDB57-56D5-47C7-99B3-03F3C1F41440}.Release|Any CPU.Build.0 = Release|Any CPU
		{1548D6BC-600D-495E-A224-5172F53F96B6}.Debug|Any CPU.ActiveCfg = Debug|Any CPU
		{1548D6BC-600D-495E-A224-5172F53F96B6}.Debug|Any CPU.Build.0 = Debug|Any CPU
		{1548D6BC-600D-495E-A224-5172F53F96B6}.Release|Any CPU.ActiveCfg = Release|Any CPU
		{1548D6BC-600D-495E-A224-5172F53F96B6}.Release|Any CPU.Build.0 = Release|Any CPU
		{1AA9A248-53A0-4F2F-A719-5B7D86955CC2}.Debug|Any CPU.ActiveCfg = Debug|Any CPU
		{1AA9A248-53A0-4F2F-A719-5B7D86955CC2}.Debug|Any CPU.Build.0 = Debug|Any CPU
		{1AA9A248-53A0-4F2F-A719-5B7D86955CC2}.Release|Any CPU.ActiveCfg = Release|Any CPU
		{1AA9A248-53A0-4F2F-A719-5B7D86955CC2}.Release|Any CPU.Build.0 = Release|Any CPU
	EndGlobalSection
	GlobalSection(SolutionProperties) = preSolution
		HideSolutionNode = FALSE
	EndGlobalSection
	GlobalSection(NestedProjects) = preSolution
		{383E163A-9790-496B-9307-DF69130B2E1C} = {9E4C15F0-13F9-4626-AC92-E1BE753CD1F8}
		{30F41E98-9F55-4982-9622-1EF566EC219A} = {9E4C15F0-13F9-4626-AC92-E1BE753CD1F8}
		{CC0A0980-4559-4CB0-A6BD-84C678069E0D} = {9E4C15F0-13F9-4626-AC92-E1BE753CD1F8}
		{D75C93E4-CF33-42E8-ABB6-8937375931EE} = {9E4C15F0-13F9-4626-AC92-E1BE753CD1F8}
		{48BBCAA1-7EE5-4304-826B-31B9EDCCDF0A} = {9E4C15F0-13F9-4626-AC92-E1BE753CD1F8}
		{11FD3892-1B8E-4403-9FA3-E8B01B41FA52} = {A7A75F27-3696-488E-8339-52690633D70F}
		{FAA7CE43-331F-4A1D-B216-0D404E5456A0} = {A7A75F27-3696-488E-8339-52690633D70F}
		{6310E920-57F0-4ED8-81FB-29073AC5D712} = {A7A75F27-3696-488E-8339-52690633D70F}
		{5B703D5B-E6E0-4168-A9C1-59B952DFD757} = {A7A75F27-3696-488E-8339-52690633D70F}
		{E46F1DB4-76B8-4B26-920D-27626CAC8BB5} = {A7A75F27-3696-488E-8339-52690633D70F}
		{9CCA7B77-E63F-458E-A4D1-AF06C821FBD6} = {A57013EA-99A9-4F9A-8B8E-7410BAA743D4}
		{A5D20A09-5A6B-42CA-BF4A-7B3012AC5427} = {A57013EA-99A9-4F9A-8B8E-7410BAA743D4}
		{8B651CDE-FC0E-4886-9B27-5EC4F41AAC6B} = {A57013EA-99A9-4F9A-8B8E-7410BAA743D4}
		{0F5D3136-46E1-455B-8EBB-F67791774377} = {A57013EA-99A9-4F9A-8B8E-7410BAA743D4}
		{8235C8BA-3FAA-4510-A28A-7834EB1A4D65} = {E3605453-9CDD-4053-818C-1728B594BFB2}
		{4C493238-4ED9-4E2C-B290-4EB2B9BF7759} = {E3605453-9CDD-4053-818C-1728B594BFB2}
		{AF0EDB57-56D5-47C7-99B3-03F3C1F41440} = {E3605453-9CDD-4053-818C-1728B594BFB2}
		{1548D6BC-600D-495E-A224-5172F53F96B6} = {E3605453-9CDD-4053-818C-1728B594BFB2}
		{1AA9A248-53A0-4F2F-A719-5B7D86955CC2} = {95B92C17-7E1C-4E2F-B3D5-2B6A9C621C1B}
	EndGlobalSection
	GlobalSection(ExtensibilityGlobals) = postSolution
		SolutionGuid = {6F95F1FD-E601-4ECC-936C-C4738215B92E}
	EndGlobalSection
EndGlobal
